
Microsoft Visual Studio Solution File, Format Version 12.00
# Visual Studio Version 17
VisualStudioVersion = 17.8.34525.116
MinimumVisualStudioVersion = 10.0.40219.1
Project("{FAE04EC0-301F-11D3-BF4B-00C04F79EFBC}") = "Zadanie5", "Zadanie5.csproj", "{BC6FA3EB-45B6-4D1F-B635-C178F9A8EE75}"
EndProject
Global
	GlobalSection(SolutionConfigurationPlatforms) = preSolution
		Debug|Any CPU = Debug|Any CPU
		Release|Any CPU = Release|Any CPU
	EndGlobalSection
	GlobalSection(ProjectConfigurationPlatforms) = postSolution
		{BC6FA3EB-45B6-4D1F-B635-C178F9A8EE75}.Debug|Any CPU.ActiveCfg = Debug|Any CPU
		{BC6FA3EB-45B6-4D1F-B635-C178F9A8EE75}.Debug|Any CPU.Build.0 = Debug|Any CPU
		{BC6FA3EB-45B6-4D1F-B635-C178F9A8EE75}.Release|Any CPU.ActiveCfg = Release|Any CPU
		{BC6FA3EB-45B6-4D1F-B635-C178F9A8EE75}.Release|Any CPU.Build.0 = Release|Any CPU
	EndGlobalSection
	GlobalSection(SolutionProperties) = preSolution
		HideSolutionNode = FALSE
	EndGlobalSection
	GlobalSection(ExtensibilityGlobals) = postSolution
		SolutionGuid = {E9312C6D-4FC8-467E-BBF6-15BFD3DD5272}
	EndGlobalSection
EndGlobal
